
Microsoft Visual Studio Solution File, Format Version 12.00
# Visual Studio Version 17
VisualStudioVersion = 17.2.32616.157
MinimumVisualStudioVersion = 10.0.40219.1
Project("{8BC9CEB8-8B4A-11D0-8D11-00A0C91BC942}") = "money_manager", "money_manager\money_manager.vcxproj", "{A4414EEE-C6F6-43B4-9751-466B283645D3}"
EndProject
Project("{8BC9CEB8-8B4A-11D0-8D11-00A0C91BC942}") = "test", "test\test.vcxproj", "{4C9C0FCB-2F11-4EF3-BE8D-B7D74670A836}"
EndProject
Project("{8BC9CEB8-8B4A-11D0-8D11-00A0C91BC942}") = "main_CLI", "main\main.vcxproj", "{12B8A7EA-3D8E-41B2-9352-B6CBF58E15F8}"
EndProject
Project("{8BC9CEB8-8B4A-11D0-8D11-00A0C91BC942}") = "main_GUI", "main_GUI\main_GUI.vcxproj", "{7837D248-0F29-4079-B981-A16250F5EA22}"
EndProject
Global
	GlobalSection(SolutionConfigurationPlatforms) = preSolution
		Debug|ARM = Debug|ARM
		Debug|ARM64 = Debug|ARM64
		Debug|x64 = Debug|x64
		Debug|x86 = Debug|x86
		Release|ARM = Release|ARM
		Release|ARM64 = Release|ARM64
		Release|x64 = Release|x64
		Release|x86 = Release|x86
	EndGlobalSection
	GlobalSection(ProjectConfigurationPlatforms) = postSolution
		{A4414EEE-C6F6-43B4-9751-466B283645D3}.Debug|ARM.ActiveCfg = Debug|x64
		{A4414EEE-C6F6-43B4-9751-466B283645D3}.Debug|ARM.Build.0 = Debug|x64
		{A4414EEE-C6F6-43B4-9751-466B283645D3}.Debug|ARM64.ActiveCfg = Debug|x64
		{A4414EEE-C6F6-43B4-9751-466B283645D3}.Debug|ARM64.Build.0 = Debug|x64
		{A4414EEE-C6F6-43B4-9751-466B283645D3}.Debug|x64.ActiveCfg = Debug|x64
		{A4414EEE-C6F6-43B4-9751-466B283645D3}.Debug|x64.Build.0 = Debug|x64
		{A4414EEE-C6F6-43B4-9751-466B283645D3}.Debug|x86.ActiveCfg = Debug|Win32
		{A4414EEE-C6F6-43B4-9751-466B283645D3}.Debug|x86.Build.0 = Debug|Win32
		{A4414EEE-C6F6-43B4-9751-466B283645D3}.Release|ARM.ActiveCfg = Release|x64
		{A4414EEE-C6F6-43B4-9751-466B283645D3}.Release|ARM.Build.0 = Release|x64
		{A4414EEE-C6F6-43B4-9751-466B283645D3}.Release|ARM64.ActiveCfg = Release|x64
		{A4414EEE-C6F6-43B4-9751-466B283645D3}.Release|ARM64.Build.0 = Release|x64
		{A4414EEE-C6F6-43B4-9751-466B283645D3}.Release|x64.ActiveCfg = Release|x64
		{A4414EEE-C6F6-43B4-9751-466B283645D3}.Release|x64.Build.0 = Release|x64
		{A4414EEE-C6F6-43B4-9751-466B283645D3}.Release|x86.ActiveCfg = Release|Win32
		{A4414EEE-C6F6-43B4-9751-466B283645D3}.Release|x86.Build.0 = Release|Win32
		{4C9C0FCB-2F11-4EF3-BE8D-B7D74670A836}.Debug|ARM.ActiveCfg = Debug|x64
		{4C9C0FCB-2F11-4EF3-BE8D-B7D74670A836}.Debug|ARM.Build.0 = Debug|x64
		{4C9C0FCB-2F11-4EF3-BE8D-B7D74670A836}.Debug|ARM64.ActiveCfg = Debug|x64
		{4C9C0FCB-2F11-4EF3-BE8D-B7D74670A836}.Debug|ARM64.Build.0 = Debug|x64
		{4C9C0FCB-2F11-4EF3-BE8D-B7D74670A836}.Debug|x64.ActiveCfg = Debug|x64
		{4C9C0FCB-2F11-4EF3-BE8D-B7D74670A836}.Debug|x64.Build.0 = Debug|x64
		{4C9C0FCB-2F11-4EF3-BE8D-B7D74670A836}.Debug|x86.ActiveCfg = Debug|Win32
		{4C9C0FCB-2F11-4EF3-BE8D-B7D74670A836}.Debug|x86.Build.0 = Debug|Win32
		{4C9C0FCB-2F11-4EF3-BE8D-B7D74670A836}.Release|ARM.ActiveCfg = Release|x64
		{4C9C0FCB-2F11-4EF3-BE8D-B7D74670A836}.Release|ARM64.ActiveCfg = Release|x64
		{4C9C0FCB-2F11-4EF3-BE8D-B7D74670A836}.Release|x64.ActiveCfg = Release|x64
		{4C9C0FCB-2F11-4EF3-BE8D-B7D74670A836}.Release|x86.ActiveCfg = Release|Win32
		{12B8A7EA-3D8E-41B2-9352-B6CBF58E15F8}.Debug|ARM.ActiveCfg = Debug|x64
		{12B8A7EA-3D8E-41B2-9352-B6CBF58E15F8}.Debug|ARM.Build.0 = Debug|x64
		{12B8A7EA-3D8E-41B2-9352-B6CBF58E15F8}.Debug|ARM64.ActiveCfg = Debug|x64
		{12B8A7EA-3D8E-41B2-9352-B6CBF58E15F8}.Debug|ARM64.Build.0 = Debug|x64
		{12B8A7EA-3D8E-41B2-9352-B6CBF58E15F8}.Debug|x64.ActiveCfg = Debug|x64
		{12B8A7EA-3D8E-41B2-9352-B6CBF58E15F8}.Debug|x64.Build.0 = Debug|x64
		{12B8A7EA-3D8E-41B2-9352-B6CBF58E15F8}.Debug|x86.ActiveCfg = Debug|Win32
		{12B8A7EA-3D8E-41B2-9352-B6CBF58E15F8}.Debug|x86.Build.0 = Debug|Win32
		{12B8A7EA-3D8E-41B2-9352-B6CBF58E15F8}.Release|ARM.ActiveCfg = Release|x64
		{12B8A7EA-3D8E-41B2-9352-B6CBF58E15F8}.Release|ARM.Build.0 = Release|x64
		{12B8A7EA-3D8E-41B2-9352-B6CBF58E15F8}.Release|ARM64.ActiveCfg = Release|x64
		{12B8A7EA-3D8E-41B2-9352-B6CBF58E15F8}.Release|ARM64.Build.0 = Release|x64
		{12B8A7EA-3D8E-41B2-9352-B6CBF58E15F8}.Release|x64.ActiveCfg = Release|x64
		{12B8A7EA-3D8E-41B2-9352-B6CBF58E15F8}.Release|x64.Build.0 = Release|x64
		{12B8A7EA-3D8E-41B2-9352-B6CBF58E15F8}.Release|x86.ActiveCfg = Release|Win32
		{12B8A7EA-3D8E-41B2-9352-B6CBF58E15F8}.Release|x86.Build.0 = Release|Win32
		{7837D248-0F29-4079-B981-A16250F5EA22}.Debug|ARM.ActiveCfg = Debug|ARM
		{7837D248-0F29-4079-B981-A16250F5EA22}.Debug|ARM.Build.0 = Debug|ARM
		{7837D248-0F29-4079-B981-A16250F5EA22}.Debug|ARM.Deploy.0 = Debug|ARM
		{7837D248-0F29-4079-B981-A16250F5EA22}.Debug|ARM64.ActiveCfg = Debug|ARM64
		{7837D248-0F29-4079-B981-A16250F5EA22}.Debug|ARM64.Build.0 = Debug|ARM64
		{7837D248-0F29-4079-B981-A16250F5EA22}.Debug|ARM64.Deploy.0 = Debug|ARM64
		{7837D248-0F29-4079-B981-A16250F5EA22}.Debug|x64.ActiveCfg = Debug|x64
		{7837D248-0F29-4079-B981-A16250F5EA22}.Debug|x64.Build.0 = Debug|x64
		{7837D248-0F29-4079-B981-A16250F5EA22}.Debug|x64.Deploy.0 = Debug|x64
		{7837D248-0F29-4079-B981-A16250F5EA22}.Debug|x86.ActiveCfg = Debug|Win32
		{7837D248-0F29-4079-B981-A16250F5EA22}.Debug|x86.Build.0 = Debug|Win32
		{7837D248-0F29-4079-B981-A16250F5EA22}.Debug|x86.Deploy.0 = Debug|Win32
		{7837D248-0F29-4079-B981-A16250F5EA22}.Release|ARM.ActiveCfg = Release|ARM
		{7837D248-0F29-4079-B981-A16250F5EA22}.Release|ARM.Build.0 = Release|ARM
		{7837D248-0F29-4079-B981-A16250F5EA22}.Release|ARM.Deploy.0 = Release|ARM
		{7837D248-0F29-4079-B981-A16250F5EA22}.Release|ARM64.ActiveCfg = Release|ARM64
		{7837D248-0F29-4079-B981-A16250F5EA22}.Release|ARM64.Build.0 = Release|ARM64
		{7837D248-0F29-4079-B981-A16250F5EA22}.Release|ARM64.Deploy.0 = Release|ARM64
		{7837D248-0F29-4079-B981-A16250F5EA22}.Release|x64.ActiveCfg = Release|x64
		{7837D248-0F29-4079-B981-A16250F5EA22}.Release|x64.Build.0 = Release|x64
		{7837D248-0F29-4079-B981-A16250F5EA22}.Release|x64.Deploy.0 = Release|x64
		{7837D248-0F29-4079-B981-A16250F5EA22}.Release|x86.ActiveCfg = Release|Win32
		{7837D248-0F29-4079-B981-A16250F5EA22}.Release|x86.Build.0 = Release|Win32
		{7837D248-0F29-4079-B981-A16250F5EA22}.Release|x86.Deploy.0 = Release|Win32
	EndGlobalSection
	GlobalSection(SolutionProperties) = preSolution
		HideSolutionNode = FALSE
	EndGlobalSection
	GlobalSection(ExtensibilityGlobals) = postSolution
		SolutionGuid = {EA4220EC-D479-461E-A860-4A23D8D3AD01}
	EndGlobalSection
EndGlobal
